
Microsoft Visual Studio Solution File, Format Version 12.00
# Visual Studio Version 16
VisualStudioVersion = 16.0.29613.14
MinimumVisualStudioVersion = 10.0.40219.1
Project("{FAE04EC0-301F-11D3-BF4B-00C04F79EFBC}") = "ISAD251CourseWork", "pubtest\ISAD251CourseWork.csproj", "{169F0F6E-89CD-486C-87AD-49099FF25A00}"
EndProject
Global
	GlobalSection(SolutionConfigurationPlatforms) = preSolution
		Debug|Any CPU = Debug|Any CPU
		Release|Any CPU = Release|Any CPU
	EndGlobalSection
	GlobalSection(ProjectConfigurationPlatforms) = postSolution
		{169F0F6E-89CD-486C-87AD-49099FF25A00}.Debug|Any CPU.ActiveCfg = Debug|Any CPU
		{169F0F6E-89CD-486C-87AD-49099FF25A00}.Debug|Any CPU.Build.0 = Debug|Any CPU
		{169F0F6E-89CD-486C-87AD-49099FF25A00}.Release|Any CPU.ActiveCfg = Release|Any CPU
		{169F0F6E-89CD-486C-87AD-49099FF25A00}.Release|Any CPU.Build.0 = Release|Any CPU
	EndGlobalSection
	GlobalSection(SolutionProperties) = preSolution
		HideSolutionNode = FALSE
	EndGlobalSection
	GlobalSection(ExtensibilityGlobals) = postSolution
		SolutionGuid = {D6B7F0B8-642A-4192-8737-17AA69320E2C}
	EndGlobalSection
EndGlobal
