
Microsoft Visual Studio Solution File, Format Version 12.00
# Visual Studio Version 16
VisualStudioVersion = 16.0.29613.14
MinimumVisualStudioVersion = 10.0.40219.1
Project("{FAE04EC0-301F-11D3-BF4B-00C04F79EFBC}") = "KungFuTea", "ISAD251\KungFuTea.csproj", "{AE7C75A3-7301-4830-8016-E9A55857F67D}"
EndProject
Global
	GlobalSection(SolutionConfigurationPlatforms) = preSolution
		Debug|Any CPU = Debug|Any CPU
		Release|Any CPU = Release|Any CPU
	EndGlobalSection
	GlobalSection(ProjectConfigurationPlatforms) = postSolution
		{AE7C75A3-7301-4830-8016-E9A55857F67D}.Debug|Any CPU.ActiveCfg = Debug|Any CPU
		{AE7C75A3-7301-4830-8016-E9A55857F67D}.Debug|Any CPU.Build.0 = Debug|Any CPU
		{AE7C75A3-7301-4830-8016-E9A55857F67D}.Release|Any CPU.ActiveCfg = Release|Any CPU
		{AE7C75A3-7301-4830-8016-E9A55857F67D}.Release|Any CPU.Build.0 = Release|Any CPU
	EndGlobalSection
	GlobalSection(SolutionProperties) = preSolution
		HideSolutionNode = FALSE
	EndGlobalSection
	GlobalSection(ExtensibilityGlobals) = postSolution
		SolutionGuid = {6E8AF5B3-211C-46F2-ABCC-016C0C969370}
	EndGlobalSection
EndGlobal
